
Microsoft Visual Studio Solution File, Format Version 12.00
# Visual Studio Version 17
VisualStudioVersion = 17.3.32825.248
MinimumVisualStudioVersion = 10.0.40219.1
Project("{FAE04EC0-301F-11D3-BF4B-00C04F79EFBC}") = "kdv_hesaplama", "kdv_hesaplama\kdv_hesaplama.csproj", "{1928962E-7CE4-4A16-88B5-E4C72128A21B}"
EndProject
Global
	GlobalSection(SolutionConfigurationPlatforms) = preSolution
		Debug|Any CPU = Debug|Any CPU
		Release|Any CPU = Release|Any CPU
	EndGlobalSection
	GlobalSection(ProjectConfigurationPlatforms) = postSolution
		{1928962E-7CE4-4A16-88B5-E4C72128A21B}.Debug|Any CPU.ActiveCfg = Debug|Any CPU
		{1928962E-7CE4-4A16-88B5-E4C72128A21B}.Debug|Any CPU.Build.0 = Debug|Any CPU
		{1928962E-7CE4-4A16-88B5-E4C72128A21B}.Release|Any CPU.ActiveCfg = Release|Any CPU
		{1928962E-7CE4-4A16-88B5-E4C72128A21B}.Release|Any CPU.Build.0 = Release|Any CPU
	EndGlobalSection
	GlobalSection(SolutionProperties) = preSolution
		HideSolutionNode = FALSE
	EndGlobalSection
	GlobalSection(ExtensibilityGlobals) = postSolution
		SolutionGuid = {AD0FEA6A-E4F0-4E73-813A-172BF268D954}
	EndGlobalSection
EndGlobal
